// !$*UTF8*$!
{
	archiveVersion = 1;
	classes = {
	};
	objectVersion = 56;
	objects = {

/* Begin PBXBuildFile section */
		6937FB6D29E4E0C000772566 /* AppDelegate.swift in Sources */ = {isa = PBXBuildFile; fileRef = 6937FB6C29E4E0C000772566 /* AppDelegate.swift */; };
		6937FB6F29E4E0C000772566 /* SceneDelegate.swift in Sources */ = {isa = PBXBuildFile; fileRef = 6937FB6E29E4E0C000772566 /* SceneDelegate.swift */; };
		6937FB7129E4E0C000772566 /* ViewController.swift in Sources */ = {isa = PBXBuildFile; fileRef = 6937FB7029E4E0C000772566 /* ViewController.swift */; };
		6937FB7429E4E0C000772566 /* Main.storyboard in Resources */ = {isa = PBXBuildFile; fileRef = 6937FB7229E4E0C000772566 /* Main.storyboard */; };
		6937FB7629E4E0C200772566 /* Assets.xcassets in Resources */ = {isa = PBXBuildFile; fileRef = 6937FB7529E4E0C200772566 /* Assets.xcassets */; };
		6937FB7929E4E0C200772566 /* LaunchScreen.storyboard in Resources */ = {isa = PBXBuildFile; fileRef = 6937FB7729E4E0C200772566 /* LaunchScreen.storyboard */; };
		6937FB8429E4E0C300772566 /* JavascriptTests.swift in Sources */ = {isa = PBXBuildFile; fileRef = 6937FB8329E4E0C300772566 /* JavascriptTests.swift */; };
		6937FB8E29E4E0C300772566 /* JavascriptUITests.swift in Sources */ = {isa = PBXBuildFile; fileRef = 6937FB8D29E4E0C300772566 /* JavascriptUITests.swift */; };
		6937FB9029E4E0C300772566 /* JavascriptUITestsLaunchTests.swift in Sources */ = {isa = PBXBuildFile; fileRef = 6937FB8F29E4E0C300772566 /* JavascriptUITestsLaunchTests.swift */; };
		6937FB9D29E4E1C500772566 /* markup.css in Resources */ = {isa = PBXBuildFile; fileRef = 6937FB9C29E4E1C500772566 /* markup.css */; };
		6937FBB029E4E61000772566 /* Staatliches-Regular.ttf in Resources */ = {isa = PBXBuildFile; fileRef = 6937FB9F29E4E60E00772566 /* Staatliches-Regular.ttf */; };
		6937FBB129E4E61000772566 /* Neuton-ExtraLight.ttf in Resources */ = {isa = PBXBuildFile; fileRef = 6937FBA029E4E60E00772566 /* Neuton-ExtraLight.ttf */; };
		6937FBB229E4E61000772566 /* Cooper-Black.ttf in Resources */ = {isa = PBXBuildFile; fileRef = 6937FBA129E4E60E00772566 /* Cooper-Black.ttf */; };
		6937FBB329E4E61000772566 /* Schoolbell-Regular.ttf in Resources */ = {isa = PBXBuildFile; fileRef = 6937FBA229E4E60E00772566 /* Schoolbell-Regular.ttf */; };
		6937FBB429E4E61000772566 /* Neuton-Bold.ttf in Resources */ = {isa = PBXBuildFile; fileRef = 6937FBA329E4E60E00772566 /* Neuton-Bold.ttf */; };
		6937FBB529E4E61000772566 /* RobotoMono-VariableFont_wght.ttf in Resources */ = {isa = PBXBuildFile; fileRef = 6937FBA429E4E60E00772566 /* RobotoMono-VariableFont_wght.ttf */; };
		6937FBB629E4E61000772566 /* Neuton-ExtraBold.ttf in Resources */ = {isa = PBXBuildFile; fileRef = 6937FBA529E4E60E00772566 /* Neuton-ExtraBold.ttf */; };
		6937FBB729E4E61000772566 /* Lato-Regular.ttf in Resources */ = {isa = PBXBuildFile; fileRef = 6937FBA629E4E60E00772566 /* Lato-Regular.ttf */; };
		6937FBB829E4E61000772566 /* Lato-Bold.ttf in Resources */ = {isa = PBXBuildFile; fileRef = 6937FBA729E4E60F00772566 /* Lato-Bold.ttf */; };
		6937FBB929E4E61000772566 /* AbrilFatface-Regular.ttf in Resources */ = {isa = PBXBuildFile; fileRef = 6937FBA829E4E60F00772566 /* AbrilFatface-Regular.ttf */; };
		6937FBBA29E4E61000772566 /* Neuton-Light.ttf in Resources */ = {isa = PBXBuildFile; fileRef = 6937FBA929E4E60F00772566 /* Neuton-Light.ttf */; };
		6937FBBB29E4E61000772566 /* Qwigley-Regular.ttf in Resources */ = {isa = PBXBuildFile; fileRef = 6937FBAA29E4E60F00772566 /* Qwigley-Regular.ttf */; };
		6937FBBC29E4E61000772566 /* Lato-LightItalic.ttf in Resources */ = {isa = PBXBuildFile; fileRef = 6937FBAB29E4E60F00772566 /* Lato-LightItalic.ttf */; };
		6937FBBD29E4E61000772566 /* Lato-BlackItalic.ttf in Resources */ = {isa = PBXBuildFile; fileRef = 6937FBAC29E4E60F00772566 /* Lato-BlackItalic.ttf */; };
		6937FBBE29E4E61000772566 /* Lato-Italic.ttf in Resources */ = {isa = PBXBuildFile; fileRef = 6937FBAD29E4E60F00772566 /* Lato-Italic.ttf */; };
		6937FBBF29E4E61000772566 /* Neuton-Italic.ttf in Resources */ = {isa = PBXBuildFile; fileRef = 6937FBAE29E4E60F00772566 /* Neuton-Italic.ttf */; };
		6937FBC029E4E61000772566 /* Neuton-Regular.ttf in Resources */ = {isa = PBXBuildFile; fileRef = 6937FBAF29E4E60F00772566 /* Neuton-Regular.ttf */; };
/* End PBXBuildFile section */

/* Begin PBXContainerItemProxy section */
		6937FB8029E4E0C300772566 /* PBXContainerItemProxy */ = {
			isa = PBXContainerItemProxy;
			containerPortal = 6937FB6129E4E0C000772566 /* Project object */;
			proxyType = 1;
			remoteGlobalIDString = 6937FB6829E4E0C000772566;
			remoteInfo = Javascript;
		};
		6937FB8A29E4E0C300772566 /* PBXContainerItemProxy */ = {
			isa = PBXContainerItemProxy;
			containerPortal = 6937FB6129E4E0C000772566 /* Project object */;
			proxyType = 1;
			remoteGlobalIDString = 6937FB6829E4E0C000772566;
			remoteInfo = Javascript;
		};
/* End PBXContainerItemProxy section */

/* Begin PBXFileReference section */
		6937FB6929E4E0C000772566 /* jsExample.app */ = {isa = PBXFileReference; explicitFileType = wrapper.application; includeInIndex = 0; path = jsExample.app; sourceTree = BUILT_PRODUCTS_DIR; };
		6937FB6C29E4E0C000772566 /* AppDelegate.swift */ = {isa = PBXFileReference; lastKnownFileType = sourcecode.swift; path = AppDelegate.swift; sourceTree = "<group>"; };
		6937FB6E29E4E0C000772566 /* SceneDelegate.swift */ = {isa = PBXFileReference; lastKnownFileType = sourcecode.swift; path = SceneDelegate.swift; sourceTree = "<group>"; };
		6937FB7029E4E0C000772566 /* ViewController.swift */ = {isa = PBXFileReference; lastKnownFileType = sourcecode.swift; path = ViewController.swift; sourceTree = "<group>"; };
		6937FB7329E4E0C000772566 /* Base */ = {isa = PBXFileReference; lastKnownFileType = file.storyboard; name = Base; path = Base.lproj/Main.storyboard; sourceTree = "<group>"; };
		6937FB7529E4E0C200772566 /* Assets.xcassets */ = {isa = PBXFileReference; lastKnownFileType = folder.assetcatalog; path = Assets.xcassets; sourceTree = "<group>"; };
		6937FB7829E4E0C200772566 /* Base */ = {isa = PBXFileReference; lastKnownFileType = file.storyboard; name = Base; path = Base.lproj/LaunchScreen.storyboard; sourceTree = "<group>"; };
		6937FB7A29E4E0C200772566 /* Info.plist */ = {isa = PBXFileReference; lastKnownFileType = text.plist.xml; path = Info.plist; sourceTree = "<group>"; };
		6937FB7F29E4E0C300772566 /* jsExampleTests.xctest */ = {isa = PBXFileReference; explicitFileType = wrapper.cfbundle; includeInIndex = 0; path = jsExampleTests.xctest; sourceTree = BUILT_PRODUCTS_DIR; };
		6937FB8329E4E0C300772566 /* JavascriptTests.swift */ = {isa = PBXFileReference; lastKnownFileType = sourcecode.swift; path = JavascriptTests.swift; sourceTree = "<group>"; };
		6937FB8929E4E0C300772566 /* jsExampleUITests.xctest */ = {isa = PBXFileReference; explicitFileType = wrapper.cfbundle; includeInIndex = 0; path = jsExampleUITests.xctest; sourceTree = BUILT_PRODUCTS_DIR; };
		6937FB8D29E4E0C300772566 /* JavascriptUITests.swift */ = {isa = PBXFileReference; lastKnownFileType = sourcecode.swift; path = JavascriptUITests.swift; sourceTree = "<group>"; };
		6937FB8F29E4E0C300772566 /* JavascriptUITestsLaunchTests.swift */ = {isa = PBXFileReference; lastKnownFileType = sourcecode.swift; path = JavascriptUITestsLaunchTests.swift; sourceTree = "<group>"; };
		6937FB9C29E4E1C500772566 /* markup.css */ = {isa = PBXFileReference; fileEncoding = 4; lastKnownFileType = text.css; path = markup.css; sourceTree = "<group>"; };
		6937FB9F29E4E60E00772566 /* Staatliches-Regular.ttf */ = {isa = PBXFileReference; lastKnownFileType = file; path = "Staatliches-Regular.ttf"; sourceTree = "<group>"; };
		6937FBA029E4E60E00772566 /* Neuton-ExtraLight.ttf */ = {isa = PBXFileReference; lastKnownFileType = file; path = "Neuton-ExtraLight.ttf"; sourceTree = "<group>"; };
		6937FBA129E4E60E00772566 /* Cooper-Black.ttf */ = {isa = PBXFileReference; lastKnownFileType = file; path = "Cooper-Black.ttf"; sourceTree = "<group>"; };
		6937FBA229E4E60E00772566 /* Schoolbell-Regular.ttf */ = {isa = PBXFileReference; lastKnownFileType = file; path = "Schoolbell-Regular.ttf"; sourceTree = "<group>"; };
		6937FBA329E4E60E00772566 /* Neuton-Bold.ttf */ = {isa = PBXFileReference; lastKnownFileType = file; path = "Neuton-Bold.ttf"; sourceTree = "<group>"; };
		6937FBA429E4E60E00772566 /* RobotoMono-VariableFont_wght.ttf */ = {isa = PBXFileReference; lastKnownFileType = file; path = "RobotoMono-VariableFont_wght.ttf"; sourceTree = "<group>"; };
		6937FBA529E4E60E00772566 /* Neuton-ExtraBold.ttf */ = {isa = PBXFileReference; lastKnownFileType = file; path = "Neuton-ExtraBold.ttf"; sourceTree = "<group>"; };
		6937FBA629E4E60E00772566 /* Lato-Regular.ttf */ = {isa = PBXFileReference; lastKnownFileType = file; path = "Lato-Regular.ttf"; sourceTree = "<group>"; };
		6937FBA729E4E60F00772566 /* Lato-Bold.ttf */ = {isa = PBXFileReference; lastKnownFileType = file; path = "Lato-Bold.ttf"; sourceTree = "<group>"; };
		6937FBA829E4E60F00772566 /* AbrilFatface-Regular.ttf */ = {isa = PBXFileReference; lastKnownFileType = file; path = "AbrilFatface-Regular.ttf"; sourceTree = "<group>"; };
		6937FBA929E4E60F00772566 /* Neuton-Light.ttf */ = {isa = PBXFileReference; lastKnownFileType = file; path = "Neuton-Light.ttf"; sourceTree = "<group>"; };
		6937FBAA29E4E60F00772566 /* Qwigley-Regular.ttf */ = {isa = PBXFileReference; lastKnownFileType = file; path = "Qwigley-Regular.ttf"; sourceTree = "<group>"; };
		6937FBAB29E4E60F00772566 /* Lato-LightItalic.ttf */ = {isa = PBXFileReference; lastKnownFileType = file; path = "Lato-LightItalic.ttf"; sourceTree = "<group>"; };
		6937FBAC29E4E60F00772566 /* Lato-BlackItalic.ttf */ = {isa = PBXFileReference; lastKnownFileType = file; path = "Lato-BlackItalic.ttf"; sourceTree = "<group>"; };
		6937FBAD29E4E60F00772566 /* Lato-Italic.ttf */ = {isa = PBXFileReference; lastKnownFileType = file; path = "Lato-Italic.ttf"; sourceTree = "<group>"; };
		6937FBAE29E4E60F00772566 /* Neuton-Italic.ttf */ = {isa = PBXFileReference; lastKnownFileType = file; path = "Neuton-Italic.ttf"; sourceTree = "<group>"; };
		6937FBAF29E4E60F00772566 /* Neuton-Regular.ttf */ = {isa = PBXFileReference; lastKnownFileType = file; path = "Neuton-Regular.ttf"; sourceTree = "<group>"; };
/* End PBXFileReference section */

/* Begin PBXFrameworksBuildPhase section */
		6937FB6629E4E0C000772566 /* Frameworks */ = {
			isa = PBXFrameworksBuildPhase;
			buildActionMask = 2147483647;
			files = (
			);
			runOnlyForDeploymentPostprocessing = 0;
		};
		6937FB7C29E4E0C300772566 /* Frameworks */ = {
			isa = PBXFrameworksBuildPhase;
			buildActionMask = 2147483647;
			files = (
			);
			runOnlyForDeploymentPostprocessing = 0;
		};
		6937FB8629E4E0C300772566 /* Frameworks */ = {
			isa = PBXFrameworksBuildPhase;
			buildActionMask = 2147483647;
			files = (
			);
			runOnlyForDeploymentPostprocessing = 0;
		};
/* End PBXFrameworksBuildPhase section */

/* Begin PBXGroup section */
		6937FB6029E4E0C000772566 = {
			isa = PBXGroup;
			children = (
				6937FB6B29E4E0C000772566 /* Javascript */,
				6937FB8229E4E0C300772566 /* JavascriptTests */,
				6937FB8C29E4E0C300772566 /* JavascriptUITests */,
				6937FB6A29E4E0C000772566 /* Products */,
			);
			sourceTree = "<group>";
		};
		6937FB6A29E4E0C000772566 /* Products */ = {
			isa = PBXGroup;
			children = (
				6937FB6929E4E0C000772566 /* jsExample.app */,
				6937FB7F29E4E0C300772566 /* jsExampleTests.xctest */,
				6937FB8929E4E0C300772566 /* jsExampleUITests.xctest */,
			);
			name = Products;
			sourceTree = "<group>";
		};
		6937FB6B29E4E0C000772566 /* Javascript */ = {
			isa = PBXGroup;
			children = (
				6937FB6C29E4E0C000772566 /* AppDelegate.swift */,
				6937FB6E29E4E0C000772566 /* SceneDelegate.swift */,
				6937FB7029E4E0C000772566 /* ViewController.swift */,
				6937FB9E29E4E5F900772566 /* Fonts */,
				6937FB7229E4E0C000772566 /* Main.storyboard */,
				6937FB7529E4E0C200772566 /* Assets.xcassets */,
				6937FB7729E4E0C200772566 /* LaunchScreen.storyboard */,
				6937FB9C29E4E1C500772566 /* markup.css */,
				6937FB7A29E4E0C200772566 /* Info.plist */,
			);
			path = Javascript;
			sourceTree = "<group>";
		};
		6937FB8229E4E0C300772566 /* JavascriptTests */ = {
			isa = PBXGroup;
			children = (
				6937FB8329E4E0C300772566 /* JavascriptTests.swift */,
			);
			path = JavascriptTests;
			sourceTree = "<group>";
		};
		6937FB8C29E4E0C300772566 /* JavascriptUITests */ = {
			isa = PBXGroup;
			children = (
				6937FB8D29E4E0C300772566 /* JavascriptUITests.swift */,
				6937FB8F29E4E0C300772566 /* JavascriptUITestsLaunchTests.swift */,
			);
			path = JavascriptUITests;
			sourceTree = "<group>";
		};
		6937FB9E29E4E5F900772566 /* Fonts */ = {
			isa = PBXGroup;
			children = (
				6937FBA829E4E60F00772566 /* AbrilFatface-Regular.ttf */,
				6937FBA129E4E60E00772566 /* Cooper-Black.ttf */,
				6937FBAC29E4E60F00772566 /* Lato-BlackItalic.ttf */,
				6937FBA729E4E60F00772566 /* Lato-Bold.ttf */,
				6937FBAD29E4E60F00772566 /* Lato-Italic.ttf */,
				6937FBAB29E4E60F00772566 /* Lato-LightItalic.ttf */,
				6937FBA629E4E60E00772566 /* Lato-Regular.ttf */,
				6937FBA329E4E60E00772566 /* Neuton-Bold.ttf */,
				6937FBA529E4E60E00772566 /* Neuton-ExtraBold.ttf */,
				6937FBA029E4E60E00772566 /* Neuton-ExtraLight.ttf */,
				6937FBAE29E4E60F00772566 /* Neuton-Italic.ttf */,
				6937FBA929E4E60F00772566 /* Neuton-Light.ttf */,
				6937FBAF29E4E60F00772566 /* Neuton-Regular.ttf */,
				6937FBAA29E4E60F00772566 /* Qwigley-Regular.ttf */,
				6937FBA429E4E60E00772566 /* RobotoMono-VariableFont_wght.ttf */,
				6937FBA229E4E60E00772566 /* Schoolbell-Regular.ttf */,
				6937FB9F29E4E60E00772566 /* Staatliches-Regular.ttf */,
			);
			path = Fonts;
			sourceTree = "<group>";
		};
/* End PBXGroup section */

/* Begin PBXNativeTarget section */
		6937FB6829E4E0C000772566 /* jsExample */ = {
			isa = PBXNativeTarget;
			buildConfigurationList = 6937FB9329E4E0C300772566 /* Build configuration list for PBXNativeTarget "jsExample" */;
			buildPhases = (
				6937FB6529E4E0C000772566 /* Sources */,
				6937FB6629E4E0C000772566 /* Frameworks */,
				6937FB6729E4E0C000772566 /* Resources */,
			);
			buildRules = (
			);
			dependencies = (
			);
			name = jsExample;
			productName = Javascript;
			productReference = 6937FB6929E4E0C000772566 /* jsExample.app */;
			productType = "com.apple.product-type.application";
		};
		6937FB7E29E4E0C300772566 /* jsExampleTests */ = {
			isa = PBXNativeTarget;
			buildConfigurationList = 6937FB9629E4E0C300772566 /* Build configuration list for PBXNativeTarget "jsExampleTests" */;
			buildPhases = (
				6937FB7B29E4E0C300772566 /* Sources */,
				6937FB7C29E4E0C300772566 /* Frameworks */,
				6937FB7D29E4E0C300772566 /* Resources */,
			);
			buildRules = (
			);
			dependencies = (
				6937FB8129E4E0C300772566 /* PBXTargetDependency */,
			);
			name = jsExampleTests;
			productName = JavascriptTests;
			productReference = 6937FB7F29E4E0C300772566 /* jsExampleTests.xctest */;
			productType = "com.apple.product-type.bundle.unit-test";
		};
		6937FB8829E4E0C300772566 /* jsExampleUITests */ = {
			isa = PBXNativeTarget;
			buildConfigurationList = 6937FB9929E4E0C300772566 /* Build configuration list for PBXNativeTarget "jsExampleUITests" */;
			buildPhases = (
				6937FB8529E4E0C300772566 /* Sources */,
				6937FB8629E4E0C300772566 /* Frameworks */,
				6937FB8729E4E0C300772566 /* Resources */,
			);
			buildRules = (
			);
			dependencies = (
				6937FB8B29E4E0C300772566 /* PBXTargetDependency */,
			);
			name = jsExampleUITests;
			productName = JavascriptUITests;
			productReference = 6937FB8929E4E0C300772566 /* jsExampleUITests.xctest */;
			productType = "com.apple.product-type.bundle.ui-testing";
		};
/* End PBXNativeTarget section */

/* Begin PBXProject section */
		6937FB6129E4E0C000772566 /* Project object */ = {
			isa = PBXProject;
			attributes = {
				BuildIndependentTargetsInParallel = 1;
				LastSwiftUpdateCheck = 1430;
				LastUpgradeCheck = 1430;
				TargetAttributes = {
					6937FB6829E4E0C000772566 = {
						CreatedOnToolsVersion = 14.3;
					};
					6937FB7E29E4E0C300772566 = {
						CreatedOnToolsVersion = 14.3;
						TestTargetID = 6937FB6829E4E0C000772566;
					};
					6937FB8829E4E0C300772566 = {
						CreatedOnToolsVersion = 14.3;
						TestTargetID = 6937FB6829E4E0C000772566;
					};
				};
			};
			buildConfigurationList = 6937FB6429E4E0C000772566 /* Build configuration list for PBXProject "jsExample" */;
			compatibilityVersion = "Xcode 14.0";
			developmentRegion = en;
			hasScannedForEncodings = 0;
			knownRegions = (
				en,
				Base,
			);
			mainGroup = 6937FB6029E4E0C000772566;
			productRefGroup = 6937FB6A29E4E0C000772566 /* Products */;
			projectDirPath = "";
			projectRoot = "";
			targets = (
				6937FB6829E4E0C000772566 /* jsExample */,
				6937FB7E29E4E0C300772566 /* jsExampleTests */,
				6937FB8829E4E0C300772566 /* jsExampleUITests */,
			);
		};
/* End PBXProject section */

/* Begin PBXResourcesBuildPhase section */
		6937FB6729E4E0C000772566 /* Resources */ = {
			isa = PBXResourcesBuildPhase;
			buildActionMask = 2147483647;
			files = (
				6937FBBB29E4E61000772566 /* Qwigley-Regular.ttf in Resources */,
				6937FBB329E4E61000772566 /* Schoolbell-Regular.ttf in Resources */,
				6937FBBA29E4E61000772566 /* Neuton-Light.ttf in Resources */,
				6937FBB629E4E61000772566 /* Neuton-ExtraBold.ttf in Resources */,
				6937FB7929E4E0C200772566 /* LaunchScreen.storyboard in Resources */,
				6937FBB429E4E61000772566 /* Neuton-Bold.ttf in Resources */,
				6937FB9D29E4E1C500772566 /* markup.css in Resources */,
				6937FBC029E4E61000772566 /* Neuton-Regular.ttf in Resources */,
				6937FBB829E4E61000772566 /* Lato-Bold.ttf in Resources */,
				6937FBB229E4E61000772566 /* Cooper-Black.ttf in Resources */,
				6937FBB929E4E61000772566 /* AbrilFatface-Regular.ttf in Resources */,
				6937FBBC29E4E61000772566 /* Lato-LightItalic.ttf in Resources */,
				6937FBBE29E4E61000772566 /* Lato-Italic.ttf in Resources */,
				6937FBB029E4E61000772566 /* Staatliches-Regular.ttf in Resources */,
				6937FBBF29E4E61000772566 /* Neuton-Italic.ttf in Resources */,
				6937FBB729E4E61000772566 /* Lato-Regular.ttf in Resources */,
				6937FBB529E4E61000772566 /* RobotoMono-VariableFont_wght.ttf in Resources */,
				6937FBBD29E4E61000772566 /* Lato-BlackItalic.ttf in Resources */,
				6937FBB129E4E61000772566 /* Neuton-ExtraLight.ttf in Resources */,
				6937FB7629E4E0C200772566 /* Assets.xcassets in Resources */,
				6937FB7429E4E0C000772566 /* Main.storyboard in Resources */,
			);
			runOnlyForDeploymentPostprocessing = 0;
		};
		6937FB7D29E4E0C300772566 /* Resources */ = {
			isa = PBXResourcesBuildPhase;
			buildActionMask = 2147483647;
			files = (
			);
			runOnlyForDeploymentPostprocessing = 0;
		};
		6937FB8729E4E0C300772566 /* Resources */ = {
			isa = PBXResourcesBuildPhase;
			buildActionMask = 2147483647;
			files = (
			);
			runOnlyForDeploymentPostprocessing = 0;
		};
/* End PBXResourcesBuildPhase section */

/* Begin PBXSourcesBuildPhase section */
		6937FB6529E4E0C000772566 /* Sources */ = {
			isa = PBXSourcesBuildPhase;
			buildActionMask = 2147483647;
			files = (
				6937FB7129E4E0C000772566 /* ViewController.swift in Sources */,
				6937FB6D29E4E0C000772566 /* AppDelegate.swift in Sources */,
				6937FB6F29E4E0C000772566 /* SceneDelegate.swift in Sources */,
			);
			runOnlyForDeploymentPostprocessing = 0;
		};
		6937FB7B29E4E0C300772566 /* Sources */ = {
			isa = PBXSourcesBuildPhase;
			buildActionMask = 2147483647;
			files = (
				6937FB8429E4E0C300772566 /* JavascriptTests.swift in Sources */,
			);
			runOnlyForDeploymentPostprocessing = 0;
		};
		6937FB8529E4E0C300772566 /* Sources */ = {
			isa = PBXSourcesBuildPhase;
			buildActionMask = 2147483647;
			files = (
				6937FB8E29E4E0C300772566 /* JavascriptUITests.swift in Sources */,
				6937FB9029E4E0C300772566 /* JavascriptUITestsLaunchTests.swift in Sources */,
			);
			runOnlyForDeploymentPostprocessing = 0;
		};
/* End PBXSourcesBuildPhase section */

/* Begin PBXTargetDependency section */
		6937FB8129E4E0C300772566 /* PBXTargetDependency */ = {
			isa = PBXTargetDependency;
			target = 6937FB6829E4E0C000772566 /* jsExample */;
			targetProxy = 6937FB8029E4E0C300772566 /* PBXContainerItemProxy */;
		};
		6937FB8B29E4E0C300772566 /* PBXTargetDependency */ = {
			isa = PBXTargetDependency;
			target = 6937FB6829E4E0C000772566 /* jsExample */;
			targetProxy = 6937FB8A29E4E0C300772566 /* PBXContainerItemProxy */;
		};
/* End PBXTargetDependency section */

/* Begin PBXVariantGroup section */
		6937FB7229E4E0C000772566 /* Main.storyboard */ = {
			isa = PBXVariantGroup;
			children = (
				6937FB7329E4E0C000772566 /* Base */,
			);
			name = Main.storyboard;
			sourceTree = "<group>";
		};
		6937FB7729E4E0C200772566 /* LaunchScreen.storyboard */ = {
			isa = PBXVariantGroup;
			children = (
				6937FB7829E4E0C200772566 /* Base */,
			);
			name = LaunchScreen.storyboard;
			sourceTree = "<group>";
		};
/* End PBXVariantGroup section */

/* Begin XCBuildConfiguration section */
		6937FB9129E4E0C300772566 /* Debug */ = {
			isa = XCBuildConfiguration;
			buildSettings = {
				ALWAYS_SEARCH_USER_PATHS = NO;
				CLANG_ANALYZER_NONNULL = YES;
				CLANG_ANALYZER_NUMBER_OBJECT_CONVERSION = YES_AGGRESSIVE;
				CLANG_CXX_LANGUAGE_STANDARD = "gnu++20";
				CLANG_ENABLE_MODULES = YES;
				CLANG_ENABLE_OBJC_ARC = YES;
				CLANG_ENABLE_OBJC_WEAK = YES;
				CLANG_WARN_BLOCK_CAPTURE_AUTORELEASING = YES;
				CLANG_WARN_BOOL_CONVERSION = YES;
				CLANG_WARN_COMMA = YES;
				CLANG_WARN_CONSTANT_CONVERSION = YES;
				CLANG_WARN_DEPRECATED_OBJC_IMPLEMENTATIONS = YES;
				CLANG_WARN_DIRECT_OBJC_ISA_USAGE = YES_ERROR;
				CLANG_WARN_DOCUMENTATION_COMMENTS = YES;
				CLANG_WARN_EMPTY_BODY = YES;
				CLANG_WARN_ENUM_CONVERSION = YES;
				CLANG_WARN_INFINITE_RECURSION = YES;
				CLANG_WARN_INT_CONVERSION = YES;
				CLANG_WARN_NON_LITERAL_NULL_CONVERSION = YES;
				CLANG_WARN_OBJC_IMPLICIT_RETAIN_SELF = YES;
				CLANG_WARN_OBJC_LITERAL_CONVERSION = YES;
				CLANG_WARN_OBJC_ROOT_CLASS = YES_ERROR;
				CLANG_WARN_QUOTED_INCLUDE_IN_FRAMEWORK_HEADER = YES;
				CLANG_WARN_RANGE_LOOP_ANALYSIS = YES;
				CLANG_WARN_STRICT_PROTOTYPES = YES;
				CLANG_WARN_SUSPICIOUS_MOVE = YES;
				CLANG_WARN_UNGUARDED_AVAILABILITY = YES_AGGRESSIVE;
				CLANG_WARN_UNREACHABLE_CODE = YES;
				CLANG_WARN__DUPLICATE_METHOD_MATCH = YES;
				COPY_PHASE_STRIP = NO;
				DEBUG_INFORMATION_FORMAT = dwarf;
				ENABLE_STRICT_OBJC_MSGSEND = YES;
				ENABLE_TESTABILITY = YES;
				GCC_C_LANGUAGE_STANDARD = gnu11;
				GCC_DYNAMIC_NO_PIC = NO;
				GCC_NO_COMMON_BLOCKS = YES;
				GCC_OPTIMIZATION_LEVEL = 0;
				GCC_PREPROCESSOR_DEFINITIONS = (
					"DEBUG=1",
					"$(inherited)",
				);
				GCC_WARN_64_TO_32_BIT_CONVERSION = YES;
				GCC_WARN_ABOUT_RETURN_TYPE = YES_ERROR;
				GCC_WARN_UNDECLARED_SELECTOR = YES;
				GCC_WARN_UNINITIALIZED_AUTOS = YES_AGGRESSIVE;
				GCC_WARN_UNUSED_FUNCTION = YES;
				GCC_WARN_UNUSED_VARIABLE = YES;
				IPHONEOS_DEPLOYMENT_TARGET = 16.4;
				MTL_ENABLE_DEBUG_INFO = INCLUDE_SOURCE;
				MTL_FAST_MATH = YES;
				ONLY_ACTIVE_ARCH = YES;
				SDKROOT = iphoneos;
				SWIFT_ACTIVE_COMPILATION_CONDITIONS = DEBUG;
				SWIFT_OPTIMIZATION_LEVEL = "-Onone";
			};
			name = Debug;
		};
		6937FB9229E4E0C300772566 /* Release */ = {
			isa = XCBuildConfiguration;
			buildSettings = {
				ALWAYS_SEARCH_USER_PATHS = NO;
				CLANG_ANALYZER_NONNULL = YES;
				CLANG_ANALYZER_NUMBER_OBJECT_CONVERSION = YES_AGGRESSIVE;
				CLANG_CXX_LANGUAGE_STANDARD = "gnu++20";
				CLANG_ENABLE_MODULES = YES;
				CLANG_ENABLE_OBJC_ARC = YES;
				CLANG_ENABLE_OBJC_WEAK = YES;
				CLANG_WARN_BLOCK_CAPTURE_AUTORELEASING = YES;
				CLANG_WARN_BOOL_CONVERSION = YES;
				CLANG_WARN_COMMA = YES;
				CLANG_WARN_CONSTANT_CONVERSION = YES;
				CLANG_WARN_DEPRECATED_OBJC_IMPLEMENTATIONS = YES;
				CLANG_WARN_DIRECT_OBJC_ISA_USAGE = YES_ERROR;
				CLANG_WARN_DOCUMENTATION_COMMENTS = YES;
				CLANG_WARN_EMPTY_BODY = YES;
				CLANG_WARN_ENUM_CONVERSION = YES;
				CLANG_WARN_INFINITE_RECURSION = YES;
				CLANG_WARN_INT_CONVERSION = YES;
				CLANG_WARN_NON_LITERAL_NULL_CONVERSION = YES;
				CLANG_WARN_OBJC_IMPLICIT_RETAIN_SELF = YES;
				CLANG_WARN_OBJC_LITERAL_CONVERSION = YES;
				CLANG_WARN_OBJC_ROOT_CLASS = YES_ERROR;
				CLANG_WARN_QUOTED_INCLUDE_IN_FRAMEWORK_HEADER = YES;
				CLANG_WARN_RANGE_LOOP_ANALYSIS = YES;
				CLANG_WARN_STRICT_PROTOTYPES = YES;
				CLANG_WARN_SUSPICIOUS_MOVE = YES;
				CLANG_WARN_UNGUARDED_AVAILABILITY = YES_AGGRESSIVE;
				CLANG_WARN_UNREACHABLE_CODE = YES;
				CLANG_WARN__DUPLICATE_METHOD_MATCH = YES;
				COPY_PHASE_STRIP = NO;
				DEBUG_INFORMATION_FORMAT = "dwarf-with-dsym";
				ENABLE_NS_ASSERTIONS = NO;
				ENABLE_STRICT_OBJC_MSGSEND = YES;
				GCC_C_LANGUAGE_STANDARD = gnu11;
				GCC_NO_COMMON_BLOCKS = YES;
				GCC_WARN_64_TO_32_BIT_CONVERSION = YES;
				GCC_WARN_ABOUT_RETURN_TYPE = YES_ERROR;
				GCC_WARN_UNDECLARED_SELECTOR = YES;
				GCC_WARN_UNINITIALIZED_AUTOS = YES_AGGRESSIVE;
				GCC_WARN_UNUSED_FUNCTION = YES;
				GCC_WARN_UNUSED_VARIABLE = YES;
				IPHONEOS_DEPLOYMENT_TARGET = 16.4;
				MTL_ENABLE_DEBUG_INFO = NO;
				MTL_FAST_MATH = YES;
				SDKROOT = iphoneos;
				SWIFT_COMPILATION_MODE = wholemodule;
				SWIFT_OPTIMIZATION_LEVEL = "-O";
				VALIDATE_PRODUCT = YES;
			};
			name = Release;
		};
		6937FB9429E4E0C300772566 /* Debug */ = {
			isa = XCBuildConfiguration;
			buildSettings = {
				ASSETCATALOG_COMPILER_APPICON_NAME = AppIcon;
				ASSETCATALOG_COMPILER_GLOBAL_ACCENT_COLOR_NAME = AccentColor;
				CODE_SIGN_STYLE = Automatic;
				CURRENT_PROJECT_VERSION = 1;
				DEVELOPMENT_TEAM = 8742GQHL9P;
				GENERATE_INFOPLIST_FILE = YES;
				INFOPLIST_FILE = Javascript/Info.plist;
				INFOPLIST_KEY_UIApplicationSupportsIndirectInputEvents = YES;
				INFOPLIST_KEY_UILaunchStoryboardName = LaunchScreen;
				INFOPLIST_KEY_UIMainStoryboardFile = Main;
				INFOPLIST_KEY_UISupportedInterfaceOrientations_iPad = "UIInterfaceOrientationPortrait UIInterfaceOrientationPortraitUpsideDown UIInterfaceOrientationLandscapeLeft UIInterfaceOrientationLandscapeRight";
				INFOPLIST_KEY_UISupportedInterfaceOrientations_iPhone = "UIInterfaceOrientationPortrait UIInterfaceOrientationLandscapeLeft UIInterfaceOrientationLandscapeRight";
				IPHONEOS_DEPLOYMENT_TARGET = 15.0;
				LD_RUNPATH_SEARCH_PATHS = (
					"$(inherited)",
					"@executable_path/Frameworks",
				);
				MARKETING_VERSION = 1.0;
				PRODUCT_BUNDLE_IDENTIFIER = mattli.Javascript;
				PRODUCT_NAME = "$(TARGET_NAME)";
				SWIFT_EMIT_LOC_STRINGS = YES;
				SWIFT_VERSION = 5.0;
				TARGETED_DEVICE_FAMILY = "1,2";
			};
			name = Debug;
		};
		6937FB9529E4E0C300772566 /* Release */ = {
			isa = XCBuildConfiguration;
			buildSettings = {
				ASSETCATALOG_COMPILER_APPICON_NAME = AppIcon;
				ASSETCATALOG_COMPILER_GLOBAL_ACCENT_COLOR_NAME = AccentColor;
				CODE_SIGN_STYLE = Automatic;
				CURRENT_PROJECT_VERSION = 1;
				DEVELOPMENT_TEAM = 8742GQHL9P;
				GENERATE_INFOPLIST_FILE = YES;
				INFOPLIST_FILE = Javascript/Info.plist;
				INFOPLIST_KEY_UIApplicationSupportsIndirectInputEvents = YES;
				INFOPLIST_KEY_UILaunchStoryboardName = LaunchScreen;
				INFOPLIST_KEY_UIMainStoryboardFile = Main;
				INFOPLIST_KEY_UISupportedInterfaceOrientations_iPad = "UIInterfaceOrientationPortrait UIInterfaceOrientationPortraitUpsideDown UIInterfaceOrientationLandscapeLeft UIInterfaceOrientationLandscapeRight";
				INFOPLIST_KEY_UISupportedInterfaceOrientations_iPhone = "UIInterfaceOrientationPortrait UIInterfaceOrientationLandscapeLeft UIInterfaceOrientationLandscapeRight";
				IPHONEOS_DEPLOYMENT_TARGET = 15.0;
				LD_RUNPATH_SEARCH_PATHS = (
					"$(inherited)",
					"@executable_path/Frameworks",
				);
				MARKETING_VERSION = 1.0;
				PRODUCT_BUNDLE_IDENTIFIER = mattli.Javascript;
				PRODUCT_NAME = "$(TARGET_NAME)";
				SWIFT_EMIT_LOC_STRINGS = YES;
				SWIFT_VERSION = 5.0;
				TARGETED_DEVICE_FAMILY = "1,2";
			};
			name = Release;
		};
		6937FB9729E4E0C300772566 /* Debug */ = {
			isa = XCBuildConfiguration;
			buildSettings = {
				ALWAYS_EMBED_SWIFT_STANDARD_LIBRARIES = YES;
				BUNDLE_LOADER = "$(TEST_HOST)";
				CODE_SIGN_STYLE = Automatic;
				CURRENT_PROJECT_VERSION = 1;
				DEVELOPMENT_TEAM = 8742GQHL9P;
				GENERATE_INFOPLIST_FILE = YES;
				IPHONEOS_DEPLOYMENT_TARGET = 16.4;
				MARKETING_VERSION = 1.0;
				PRODUCT_BUNDLE_IDENTIFIER = mattli.JavascriptTests;
				PRODUCT_NAME = "$(TARGET_NAME)";
				SWIFT_EMIT_LOC_STRINGS = NO;
				SWIFT_VERSION = 5.0;
				TARGETED_DEVICE_FAMILY = "1,2";
				TEST_HOST = "$(BUILT_PRODUCTS_DIR)/jsExample.app/$(BUNDLE_EXECUTABLE_FOLDER_PATH)/jsExample";
			};
			name = Debug;
		};
		6937FB9829E4E0C300772566 /* Release */ = {
			isa = XCBuildConfiguration;
			buildSettings = {
				ALWAYS_EMBED_SWIFT_STANDARD_LIBRARIES = YES;
				BUNDLE_LOADER = "$(TEST_HOST)";
				CODE_SIGN_STYLE = Automatic;
				CURRENT_PROJECT_VERSION = 1;
				DEVELOPMENT_TEAM = 8742GQHL9P;
				GENERATE_INFOPLIST_FILE = YES;
				IPHONEOS_DEPLOYMENT_TARGET = 16.4;
				MARKETING_VERSION = 1.0;
				PRODUCT_BUNDLE_IDENTIFIER = mattli.JavascriptTests;
				PRODUCT_NAME = "$(TARGET_NAME)";
				SWIFT_EMIT_LOC_STRINGS = NO;
				SWIFT_VERSION = 5.0;
				TARGETED_DEVICE_FAMILY = "1,2";
				TEST_HOST = "$(BUILT_PRODUCTS_DIR)/jsExample.app/$(BUNDLE_EXECUTABLE_FOLDER_PATH)/jsExample";
			};
			name = Release;
		};
		6937FB9A29E4E0C300772566 /* Debug */ = {
			isa = XCBuildConfiguration;
			buildSettings = {
				ALWAYS_EMBED_SWIFT_STANDARD_LIBRARIES = YES;
				CODE_SIGN_STYLE = Automatic;
				CURRENT_PROJECT_VERSION = 1;
				DEVELOPMENT_TEAM = 8742GQHL9P;
				GENERATE_INFOPLIST_FILE = YES;
				MARKETING_VERSION = 1.0;
				PRODUCT_BUNDLE_IDENTIFIER = mattli.JavascriptUITests;
				PRODUCT_NAME = "$(TARGET_NAME)";
				SWIFT_EMIT_LOC_STRINGS = NO;
				SWIFT_VERSION = 5.0;
				TARGETED_DEVICE_FAMILY = "1,2";
				TEST_TARGET_NAME = Javascript;
			};
			name = Debug;
		};
		6937FB9B29E4E0C300772566 /* Release */ = {
			isa = XCBuildConfiguration;
			buildSettings = {
				ALWAYS_EMBED_SWIFT_STANDARD_LIBRARIES = YES;
				CODE_SIGN_STYLE = Automatic;
				CURRENT_PROJECT_VERSION = 1;
				DEVELOPMENT_TEAM = 8742GQHL9P;
				GENERATE_INFOPLIST_FILE = YES;
				MARKETING_VERSION = 1.0;
				PRODUCT_BUNDLE_IDENTIFIER = mattli.JavascriptUITests;
				PRODUCT_NAME = "$(TARGET_NAME)";
				SWIFT_EMIT_LOC_STRINGS = NO;
				SWIFT_VERSION = 5.0;
				TARGETED_DEVICE_FAMILY = "1,2";
				TEST_TARGET_NAME = Javascript;
			};
			name = Release;
		};
/* End XCBuildConfiguration section */

/* Begin XCConfigurationList section */
		6937FB6429E4E0C000772566 /* Build configuration list for PBXProject "jsExample" */ = {
			isa = XCConfigurationList;
			buildConfigurations = (
				6937FB9129E4E0C300772566 /* Debug */,
				6937FB9229E4E0C300772566 /* Release */,
			);
			defaultConfigurationIsVisible = 0;
			defaultConfigurationName = Release;
		};
		6937FB9329E4E0C300772566 /* Build configuration list for PBXNativeTarget "jsExample" */ = {
			isa = XCConfigurationList;
			buildConfigurations = (
				6937FB9429E4E0C300772566 /* Debug */,
				6937FB9529E4E0C300772566 /* Release */,
			);
			defaultConfigurationIsVisible = 0;
			defaultConfigurationName = Release;
		};
		6937FB9629E4E0C300772566 /* Build configuration list for PBXNativeTarget "jsExampleTests" */ = {
			isa = XCConfigurationList;
			buildConfigurations = (
				6937FB9729E4E0C300772566 /* Debug */,
				6937FB9829E4E0C300772566 /* Release */,
			);
			defaultConfigurationIsVisible = 0;
			defaultConfigurationName = Release;
		};
		6937FB9929E4E0C300772566 /* Build configuration list for PBXNativeTarget "jsExampleUITests" */ = {
			isa = XCConfigurationList;
			buildConfigurations = (
				6937FB9A29E4E0C300772566 /* Debug */,
				6937FB9B29E4E0C300772566 /* Release */,
			);
			defaultConfigurationIsVisible = 0;
			defaultConfigurationName = Release;
		};
/* End XCConfigurationList section */
	};
	rootObject = 6937FB6129E4E0C000772566 /* Project object */;
}
